
Microsoft Visual Studio Solution File, Format Version 12.00
# Visual Studio Version 17
VisualStudioVersion = 17.9.34622.214
MinimumVisualStudioVersion = 10.0.40219.1
Project("{888888A0-9F3D-457C-B088-3A5042F75D52}") = "RenameAllFiles", "RenameAllFiles.pyproj", "{0B378EE6-1C6F-4700-9990-5BB1A6AE39BA}"
EndProject
Global
	GlobalSection(SolutionConfigurationPlatforms) = preSolution
		Debug|Any CPU = Debug|Any CPU
		Release|Any CPU = Release|Any CPU
	EndGlobalSection
	GlobalSection(ProjectConfigurationPlatforms) = postSolution
		{0B378EE6-1C6F-4700-9990-5BB1A6AE39BA}.Debug|Any CPU.ActiveCfg = Debug|Any CPU
		{0B378EE6-1C6F-4700-9990-5BB1A6AE39BA}.Release|Any CPU.ActiveCfg = Release|Any CPU
	EndGlobalSection
	GlobalSection(SolutionProperties) = preSolution
		HideSolutionNode = FALSE
	EndGlobalSection
	GlobalSection(ExtensibilityGlobals) = postSolution
		SolutionGuid = {F484709C-31BD-4131-9A1A-E835DDE65CBD}
	EndGlobalSection
EndGlobal
